// !$*UTF8*$!
{
	archiveVersion = 1;
	classes = {
	};
	objectVersion = 46;
	objects = {

/* Begin PBXBuildFile section */
		931312F21D15328D007BA490 /* LogWatcher.h in Headers */ = {isa = PBXBuildFile; fileRef = 931312F11D15328D007BA490 /* LogWatcher.h */; settings = {ATTRIBUTES = (Public, ); }; };
		931312F91D15328D007BA490 /* LogWatcher.framework in Frameworks */ = {isa = PBXBuildFile; fileRef = 931312EE1D15328D007BA490 /* LogWatcher.framework */; };
		931312FE1D15328D007BA490 /* LogWatcherTests.swift in Sources */ = {isa = PBXBuildFile; fileRef = 931312FD1D15328D007BA490 /* LogWatcherTests.swift */; };
		931313091D1532A6007BA490 /* LogInstance.swift in Sources */ = {isa = PBXBuildFile; fileRef = 931313081D1532A6007BA490 /* LogInstance.swift */; };
		9313130B1D15334B007BA490 /* LogEvent.swift in Sources */ = {isa = PBXBuildFile; fileRef = 9313130A1D15334B007BA490 /* LogEvent.swift */; };
/* End PBXBuildFile section */

/* Begin PBXContainerItemProxy section */
		931312FA1D15328D007BA490 /* PBXContainerItemProxy */ = {
			isa = PBXContainerItemProxy;
			containerPortal = 931312E51D15328D007BA490 /* Project object */;
			proxyType = 1;
			remoteGlobalIDString = 931312ED1D15328D007BA490;
			remoteInfo = LogWatcher;
		};
/* End PBXContainerItemProxy section */

/* Begin PBXFileReference section */
		931312EE1D15328D007BA490 /* LogWatcher.framework */ = {isa = PBXFileReference; explicitFileType = wrapper.framework; includeInIndex = 0; path = LogWatcher.framework; sourceTree = BUILT_PRODUCTS_DIR; };
		931312F11D15328D007BA490 /* LogWatcher.h */ = {isa = PBXFileReference; lastKnownFileType = sourcecode.c.h; path = LogWatcher.h; sourceTree = "<group>"; };
		931312F31D15328D007BA490 /* Info.plist */ = {isa = PBXFileReference; lastKnownFileType = text.plist.xml; path = Info.plist; sourceTree = "<group>"; };
		931312F81D15328D007BA490 /* LogWatcherTests.xctest */ = {isa = PBXFileReference; explicitFileType = wrapper.cfbundle; includeInIndex = 0; path = LogWatcherTests.xctest; sourceTree = BUILT_PRODUCTS_DIR; };
		931312FD1D15328D007BA490 /* LogWatcherTests.swift */ = {isa = PBXFileReference; lastKnownFileType = sourcecode.swift; path = LogWatcherTests.swift; sourceTree = "<group>"; };
		931312FF1D15328D007BA490 /* Info.plist */ = {isa = PBXFileReference; lastKnownFileType = text.plist.xml; path = Info.plist; sourceTree = "<group>"; };
		931313081D1532A6007BA490 /* LogInstance.swift */ = {isa = PBXFileReference; fileEncoding = 4; lastKnownFileType = sourcecode.swift; path = LogInstance.swift; sourceTree = "<group>"; };
		9313130A1D15334B007BA490 /* LogEvent.swift */ = {isa = PBXFileReference; fileEncoding = 4; lastKnownFileType = sourcecode.swift; path = LogEvent.swift; sourceTree = "<group>"; };
/* End PBXFileReference section */

/* Begin PBXFrameworksBuildPhase section */
		931312EA1D15328D007BA490 /* Frameworks */ = {
			isa = PBXFrameworksBuildPhase;
			buildActionMask = 2147483647;
			files = (
			);
			runOnlyForDeploymentPostprocessing = 0;
		};
		931312F51D15328D007BA490 /* Frameworks */ = {
			isa = PBXFrameworksBuildPhase;
			buildActionMask = 2147483647;
			files = (
				931312F91D15328D007BA490 /* LogWatcher.framework in Frameworks */,
			);
			runOnlyForDeploymentPostprocessing = 0;
		};
/* End PBXFrameworksBuildPhase section */

/* Begin PBXGroup section */
		931312E41D15328D007BA490 = {
			isa = PBXGroup;
			children = (
				931312F01D15328D007BA490 /* LogWatcher */,
				931312FC1D15328D007BA490 /* LogWatcherTests */,
				931312EF1D15328D007BA490 /* Products */,
			);
			sourceTree = "<group>";
		};
		931312EF1D15328D007BA490 /* Products */ = {
			isa = PBXGroup;
			children = (
				931312EE1D15328D007BA490 /* LogWatcher.framework */,
				931312F81D15328D007BA490 /* LogWatcherTests.xctest */,
			);
			name = Products;
			sourceTree = "<group>";
		};
		931312F01D15328D007BA490 /* LogWatcher */ = {
			isa = PBXGroup;
			children = (
				931312F11D15328D007BA490 /* LogWatcher.h */,
				931313081D1532A6007BA490 /* LogInstance.swift */,
				9313130A1D15334B007BA490 /* LogEvent.swift */,
				931312F31D15328D007BA490 /* Info.plist */,
			);
			path = LogWatcher;
			sourceTree = "<group>";
		};
		931312FC1D15328D007BA490 /* LogWatcherTests */ = {
			isa = PBXGroup;
			children = (
				931312FD1D15328D007BA490 /* LogWatcherTests.swift */,
				931312FF1D15328D007BA490 /* Info.plist */,
			);
			path = LogWatcherTests;
			sourceTree = "<group>";
		};
/* End PBXGroup section */

/* Begin PBXHeadersBuildPhase section */
		931312EB1D15328D007BA490 /* Headers */ = {
			isa = PBXHeadersBuildPhase;
			buildActionMask = 2147483647;
			files = (
				931312F21D15328D007BA490 /* LogWatcher.h in Headers */,
			);
			runOnlyForDeploymentPostprocessing = 0;
		};
/* End PBXHeadersBuildPhase section */

/* Begin PBXNativeTarget section */
		931312ED1D15328D007BA490 /* LogWatcher */ = {
			isa = PBXNativeTarget;
			buildConfigurationList = 931313021D15328D007BA490 /* Build configuration list for PBXNativeTarget "LogWatcher" */;
			buildPhases = (
				931312E91D15328D007BA490 /* Sources */,
				931312EA1D15328D007BA490 /* Frameworks */,
				931312EB1D15328D007BA490 /* Headers */,
				931312EC1D15328D007BA490 /* Resources */,
			);
			buildRules = (
			);
			dependencies = (
			);
			name = LogWatcher;
			productName = LogWatcher;
			productReference = 931312EE1D15328D007BA490 /* LogWatcher.framework */;
			productType = "com.apple.product-type.framework";
		};
		931312F71D15328D007BA490 /* LogWatcherTests */ = {
			isa = PBXNativeTarget;
			buildConfigurationList = 931313051D15328D007BA490 /* Build configuration list for PBXNativeTarget "LogWatcherTests" */;
			buildPhases = (
				931312F41D15328D007BA490 /* Sources */,
				931312F51D15328D007BA490 /* Frameworks */,
				931312F61D15328D007BA490 /* Resources */,
			);
			buildRules = (
			);
			dependencies = (
				931312FB1D15328D007BA490 /* PBXTargetDependency */,
			);
			name = LogWatcherTests;
			productName = LogWatcherTests;
			productReference = 931312F81D15328D007BA490 /* LogWatcherTests.xctest */;
			productType = "com.apple.product-type.bundle.unit-test";
		};
/* End PBXNativeTarget section */

/* Begin PBXProject section */
		931312E51D15328D007BA490 /* Project object */ = {
			isa = PBXProject;
			attributes = {
				LastSwiftUpdateCheck = 0730;
				LastUpgradeCheck = 0730;
				ORGANIZATIONNAME = "Aaron Williams";
				TargetAttributes = {
					931312ED1D15328D007BA490 = {
						CreatedOnToolsVersion = 7.3.1;
					};
					931312F71D15328D007BA490 = {
						CreatedOnToolsVersion = 7.3.1;
					};
				};
			};
			buildConfigurationList = 931312E81D15328D007BA490 /* Build configuration list for PBXProject "LogWatcher" */;
			compatibilityVersion = "Xcode 3.2";
			developmentRegion = English;
			hasScannedForEncodings = 0;
			knownRegions = (
				en,
			);
			mainGroup = 931312E41D15328D007BA490;
			productRefGroup = 931312EF1D15328D007BA490 /* Products */;
			projectDirPath = "";
			projectRoot = "";
			targets = (
				931312ED1D15328D007BA490 /* LogWatcher */,
				931312F71D15328D007BA490 /* LogWatcherTests */,
			);
		};
/* End PBXProject section */

/* Begin PBXResourcesBuildPhase section */
		931312EC1D15328D007BA490 /* Resources */ = {
			isa = PBXResourcesBuildPhase;
			buildActionMask = 2147483647;
			files = (
			);
			runOnlyForDeploymentPostprocessing = 0;
		};
		931312F61D15328D007BA490 /* Resources */ = {
			isa = PBXResourcesBuildPhase;
			buildActionMask = 2147483647;
			files = (
			);
			runOnlyForDeploymentPostprocessing = 0;
		};
/* End PBXResourcesBuildPhase section */

/* Begin PBXSourcesBuildPhase section */
		931312E91D15328D007BA490 /* Sources */ = {
			isa = PBXSourcesBuildPhase;
			buildActionMask = 2147483647;
			files = (
				931313091D1532A6007BA490 /* LogInstance.swift in Sources */,
				9313130B1D15334B007BA490 /* LogEvent.swift in Sources */,
			);
			runOnlyForDeploymentPostprocessing = 0;
		};
		931312F41D15328D007BA490 /* Sources */ = {
			isa = PBXSourcesBuildPhase;
			buildActionMask = 2147483647;
			files = (
				931312FE1D15328D007BA490 /* LogWatcherTests.swift in Sources */,
			);
			runOnlyForDeploymentPostprocessing = 0;
		};
/* End PBXSourcesBuildPhase section */

/* Begin PBXTargetDependency section */
		931312FB1D15328D007BA490 /* PBXTargetDependency */ = {
			isa = PBXTargetDependency;
			target = 931312ED1D15328D007BA490 /* LogWatcher */;
			targetProxy = 931312FA1D15328D007BA490 /* PBXContainerItemProxy */;
		};
/* End PBXTargetDependency section */

/* Begin XCBuildConfiguration section */
		931313001D15328D007BA490 /* Debug */ = {
			isa = XCBuildConfiguration;
			buildSettings = {
				ALWAYS_SEARCH_USER_PATHS = NO;
				CLANG_ANALYZER_NONNULL = YES;
				CLANG_CXX_LANGUAGE_STANDARD = "gnu++0x";
				CLANG_CXX_LIBRARY = "libc++";
				CLANG_ENABLE_MODULES = YES;
				CLANG_ENABLE_OBJC_ARC = YES;
				CLANG_WARN_BOOL_CONVERSION = YES;
				CLANG_WARN_CONSTANT_CONVERSION = YES;
				CLANG_WARN_DIRECT_OBJC_ISA_USAGE = YES_ERROR;
				CLANG_WARN_EMPTY_BODY = YES;
				CLANG_WARN_ENUM_CONVERSION = YES;
				CLANG_WARN_INT_CONVERSION = YES;
				CLANG_WARN_OBJC_ROOT_CLASS = YES_ERROR;
				CLANG_WARN_UNREACHABLE_CODE = YES;
				CLANG_WARN__DUPLICATE_METHOD_MATCH = YES;
				"CODE_SIGN_IDENTITY[sdk=iphoneos*]" = "iPhone Developer";
				COPY_PHASE_STRIP = NO;
				CURRENT_PROJECT_VERSION = 1;
				DEBUG_INFORMATION_FORMAT = dwarf;
				ENABLE_STRICT_OBJC_MSGSEND = YES;
				ENABLE_TESTABILITY = YES;
				GCC_C_LANGUAGE_STANDARD = gnu99;
				GCC_DYNAMIC_NO_PIC = NO;
				GCC_NO_COMMON_BLOCKS = YES;
				GCC_OPTIMIZATION_LEVEL = 0;
				GCC_PREPROCESSOR_DEFINITIONS = (
					"DEBUG=1",
					"$(inherited)",
				);
				GCC_WARN_64_TO_32_BIT_CONVERSION = YES;
				GCC_WARN_ABOUT_RETURN_TYPE = YES_ERROR;
				GCC_WARN_UNDECLARED_SELECTOR = YES;
				GCC_WARN_UNINITIALIZED_AUTOS = YES_AGGRESSIVE;
				GCC_WARN_UNUSED_FUNCTION = YES;
				GCC_WARN_UNUSED_VARIABLE = YES;
				IPHONEOS_DEPLOYMENT_TARGET = 9.3;
				MTL_ENABLE_DEBUG_INFO = YES;
				ONLY_ACTIVE_ARCH = YES;
				SDKROOT = iphoneos;
				SWIFT_OPTIMIZATION_LEVEL = "-Onone";
				TARGETED_DEVICE_FAMILY = "1,2";
				VERSIONING_SYSTEM = "apple-generic";
				VERSION_INFO_PREFIX = "";
			};
			name = Debug;
		};
		931313011D15328D007BA490 /* Release */ = {
			isa = XCBuildConfiguration;
			buildSettings = {
				ALWAYS_SEARCH_USER_PATHS = NO;
				CLANG_ANALYZER_NONNULL = YES;
				CLANG_CXX_LANGUAGE_STANDARD = "gnu++0x";
				CLANG_CXX_LIBRARY = "libc++";
				CLANG_ENABLE_MODULES = YES;
				CLANG_ENABLE_OBJC_ARC = YES;
				CLANG_WARN_BOOL_CONVERSION = YES;
				CLANG_WARN_CONSTANT_CONVERSION = YES;
				CLANG_WARN_DIRECT_OBJC_ISA_USAGE = YES_ERROR;
				CLANG_WARN_EMPTY_BODY = YES;
				CLANG_WARN_ENUM_CONVERSION = YES;
				CLANG_WARN_INT_CONVERSION = YES;
				CLANG_WARN_OBJC_ROOT_CLASS = YES_ERROR;
				CLANG_WARN_UNREACHABLE_CODE = YES;
				CLANG_WARN__DUPLICATE_METHOD_MATCH = YES;
				"CODE_SIGN_IDENTITY[sdk=iphoneos*]" = "iPhone Developer";
				COPY_PHASE_STRIP = NO;
				CURRENT_PROJECT_VERSION = 1;
				DEBUG_INFORMATION_FORMAT = "dwarf-with-dsym";
				ENABLE_NS_ASSERTIONS = NO;
				ENABLE_STRICT_OBJC_MSGSEND = YES;
				GCC_C_LANGUAGE_STANDARD = gnu99;
				GCC_NO_COMMON_BLOCKS = YES;
				GCC_WARN_64_TO_32_BIT_CONVERSION = YES;
				GCC_WARN_ABOUT_RETURN_TYPE = YES_ERROR;
				GCC_WARN_UNDECLARED_SELECTOR = YES;
				GCC_WARN_UNINITIALIZED_AUTOS = YES_AGGRESSIVE;
				GCC_WARN_UNUSED_FUNCTION = YES;
				GCC_WARN_UNUSED_VARIABLE = YES;
				IPHONEOS_DEPLOYMENT_TARGET = 9.3;
				MTL_ENABLE_DEBUG_INFO = NO;
				SDKROOT = iphoneos;
				TARGETED_DEVICE_FAMILY = "1,2";
				VALIDATE_PRODUCT = YES;
				VERSIONING_SYSTEM = "apple-generic";
				VERSION_INFO_PREFIX = "";
			};
			name = Release;
		};
		931313031D15328D007BA490 /* Debug */ = {
			isa = XCBuildConfiguration;
			buildSettings = {
				CLANG_ENABLE_MODULES = YES;
				DEFINES_MODULE = YES;
				DYLIB_COMPATIBILITY_VERSION = 1;
				DYLIB_CURRENT_VERSION = 1;
				DYLIB_INSTALL_NAME_BASE = "@rpath";
				INFOPLIST_FILE = LogWatcher/Info.plist;
				INSTALL_PATH = "$(LOCAL_LIBRARY_DIR)/Frameworks";
				LD_RUNPATH_SEARCH_PATHS = "$(inherited) @executable_path/Frameworks @loader_path/Frameworks";
				PRODUCT_BUNDLE_IDENTIFIER = AaronWilliams.LogWatcher;
				PRODUCT_NAME = "$(TARGET_NAME)";
				SKIP_INSTALL = YES;
				SWIFT_OPTIMIZATION_LEVEL = "-Onone";
			};
			name = Debug;
		};
		931313041D15328D007BA490 /* Release */ = {
			isa = XCBuildConfiguration;
			buildSettings = {
				CLANG_ENABLE_MODULES = YES;
				DEFINES_MODULE = YES;
				DYLIB_COMPATIBILITY_VERSION = 1;
				DYLIB_CURRENT_VERSION = 1;
				DYLIB_INSTALL_NAME_BASE = "@rpath";
				INFOPLIST_FILE = LogWatcher/Info.plist;
				INSTALL_PATH = "$(LOCAL_LIBRARY_DIR)/Frameworks";
				LD_RUNPATH_SEARCH_PATHS = "$(inherited) @executable_path/Frameworks @loader_path/Frameworks";
				PRODUCT_BUNDLE_IDENTIFIER = AaronWilliams.LogWatcher;
				PRODUCT_NAME = "$(TARGET_NAME)";
				SKIP_INSTALL = YES;
			};
			name = Release;
		};
		931313061D15328D007BA490 /* Debug */ = {
			isa = XCBuildConfiguration;
			buildSettings = {
				INFOPLIST_FILE = LogWatcherTests/Info.plist;
				LD_RUNPATH_SEARCH_PATHS = "$(inherited) @executable_path/Frameworks @loader_path/Frameworks";
				PRODUCT_BUNDLE_IDENTIFIER = AaronWilliams.LogWatcherTests;
				PRODUCT_NAME = "$(TARGET_NAME)";
			};
			name = Debug;
		};
		931313071D15328D007BA490 /* Release */ = {
			isa = XCBuildConfiguration;
			buildSettings = {
				INFOPLIST_FILE = LogWatcherTests/Info.plist;
				LD_RUNPATH_SEARCH_PATHS = "$(inherited) @executable_path/Frameworks @loader_path/Frameworks";
				PRODUCT_BUNDLE_IDENTIFIER = AaronWilliams.LogWatcherTests;
				PRODUCT_NAME = "$(TARGET_NAME)";
			};
			name = Release;
		};
/* End XCBuildConfiguration section */

/* Begin XCConfigurationList section */
		931312E81D15328D007BA490 /* Build configuration list for PBXProject "LogWatcher" */ = {
			isa = XCConfigurationList;
			buildConfigurations = (
				931313001D15328D007BA490 /* Debug */,
				931313011D15328D007BA490 /* Release */,
			);
			defaultConfigurationIsVisible = 0;
			defaultConfigurationName = Release;
		};
		931313021D15328D007BA490 /* Build configuration list for PBXNativeTarget "LogWatcher" */ = {
			isa = XCConfigurationList;
			buildConfigurations = (
				931313031D15328D007BA490 /* Debug */,
				931313041D15328D007BA490 /* Release */,
			);
			defaultConfigurationIsVisible = 0;
		};
		931313051D15328D007BA490 /* Build configuration list for PBXNativeTarget "LogWatcherTests" */ = {
			isa = XCConfigurationList;
			buildConfigurations = (
				931313061D15328D007BA490 /* Debug */,
				931313071D15328D007BA490 /* Release */,
			);
			defaultConfigurationIsVisible = 0;
		};
/* End XCConfigurationList section */
	};
	rootObject = 931312E51D15328D007BA490 /* Project object */;
}
